// !$*UTF8*$!
{
	archiveVersion = 1;
	classes = {
	};
	objectVersion = 50;
	objects = {

/* Begin PBXBuildFile section */
		A0B6C3844B633ED441FC8950 /* Pods_CRUD.framework in Frameworks */ = {isa = PBXBuildFile; fileRef = F8D96BAFB77FF34C18D2395A /* Pods_CRUD.framework */; };
		C905A87E21E6D8DD00BA7723 /* MainTabBarController.swift in Sources */ = {isa = PBXBuildFile; fileRef = C905A87D21E6D8DD00BA7723 /* MainTabBarController.swift */; };
		C905A88221E6DEF700BA7723 /* BookListViewController.swift in Sources */ = {isa = PBXBuildFile; fileRef = C905A88121E6DEF700BA7723 /* BookListViewController.swift */; };
		C905A88621E6F04800BA7723 /* BookListCell.swift in Sources */ = {isa = PBXBuildFile; fileRef = C905A88521E6F04800BA7723 /* BookListCell.swift */; };
		C905A88821E708CC00BA7723 /* LogoutViewController.swift in Sources */ = {isa = PBXBuildFile; fileRef = C905A88721E708CC00BA7723 /* LogoutViewController.swift */; };
		C905A88A21E71FCA00BA7723 /* BookAddViewController.swift in Sources */ = {isa = PBXBuildFile; fileRef = C905A88921E71FCA00BA7723 /* BookAddViewController.swift */; };
		C916264121E323D900F85B15 /* AppDelegate.swift in Sources */ = {isa = PBXBuildFile; fileRef = C916264021E323D900F85B15 /* AppDelegate.swift */; };
		C916264621E323D900F85B15 /* Main.storyboard in Resources */ = {isa = PBXBuildFile; fileRef = C916264421E323D900F85B15 /* Main.storyboard */; };
		C916264821E323DA00F85B15 /* Assets.xcassets in Resources */ = {isa = PBXBuildFile; fileRef = C916264721E323DA00F85B15 /* Assets.xcassets */; };
		C916264B21E323DA00F85B15 /* LaunchScreen.storyboard in Resources */ = {isa = PBXBuildFile; fileRef = C916264921E323DA00F85B15 /* LaunchScreen.storyboard */; };
		C954C83F21E8587E0040724A /* EditViewController.swift in Sources */ = {isa = PBXBuildFile; fileRef = C954C83E21E8587E0040724A /* EditViewController.swift */; };
		C974A77221E5C0BE00CC2549 /* LoginViewController.swift in Sources */ = {isa = PBXBuildFile; fileRef = C974A77121E5C0BE00CC2549 /* LoginViewController.swift */; };
		C9764CDF21ED82CD004D1B34 /* PhotoLibraryManager.swift in Sources */ = {isa = PBXBuildFile; fileRef = C9764CDE21ED82CD004D1B34 /* PhotoLibraryManager.swift */; };
		C9764CE921EDBDAF004D1B34 /* Kingfisher.framework in Frameworks */ = {isa = PBXBuildFile; fileRef = C9764CE821EDBDAF004D1B34 /* Kingfisher.framework */; };
		C9A0A62F21E5E97E00B4C694 /* SignupViewController.swift in Sources */ = {isa = PBXBuildFile; fileRef = C9A0A62E21E5E97E00B4C694 /* SignupViewController.swift */; };
		C9C1BC4D21EED56A00188310 /* EditSetTabViewController.swift in Sources */ = {isa = PBXBuildFile; fileRef = C9C1BC4C21EED56A00188310 /* EditSetTabViewController.swift */; };
		C9DA6D5B21F02F78006BCDE3 /* R.generated.swift in Sources */ = {isa = PBXBuildFile; fileRef = C9DA6D5A21F02F78006BCDE3 /* R.generated.swift */; };
		C9E8DD1921F1624B0041966A /* ProtocolExtension.swift in Sources */ = {isa = PBXBuildFile; fileRef = C9E8DD1821F1624B0041966A /* ProtocolExtension.swift */; };
		C9F4ECBB21F037EF00A37467 /* Setting.strings in Resources */ = {isa = PBXBuildFile; fileRef = C9F4ECBA21F037EF00A37467 /* Setting.strings */; };
		C9F4ECBD21F0638100A37467 /* NumberManager.swift in Sources */ = {isa = PBXBuildFile; fileRef = C9F4ECBC21F0638100A37467 /* NumberManager.swift */; };
/* End PBXBuildFile section */

/* Begin PBXFileReference section */
		378459A4D66C6ED0600451CC /* Pods-CRUD.debug.xcconfig */ = {isa = PBXFileReference; includeInIndex = 1; lastKnownFileType = text.xcconfig; name = "Pods-CRUD.debug.xcconfig"; path = "Pods/Target Support Files/Pods-CRUD/Pods-CRUD.debug.xcconfig"; sourceTree = "<group>"; };
		C905A87D21E6D8DD00BA7723 /* MainTabBarController.swift */ = {isa = PBXFileReference; lastKnownFileType = sourcecode.swift; path = MainTabBarController.swift; sourceTree = "<group>"; };
		C905A88121E6DEF700BA7723 /* BookListViewController.swift */ = {isa = PBXFileReference; lastKnownFileType = sourcecode.swift; path = BookListViewController.swift; sourceTree = "<group>"; };
		C905A88521E6F04800BA7723 /* BookListCell.swift */ = {isa = PBXFileReference; lastKnownFileType = sourcecode.swift; path = BookListCell.swift; sourceTree = "<group>"; };
		C905A88721E708CC00BA7723 /* LogoutViewController.swift */ = {isa = PBXFileReference; lastKnownFileType = sourcecode.swift; path = LogoutViewController.swift; sourceTree = "<group>"; };
		C905A88921E71FCA00BA7723 /* BookAddViewController.swift */ = {isa = PBXFileReference; lastKnownFileType = sourcecode.swift; path = BookAddViewController.swift; sourceTree = "<group>"; };
		C916263D21E323D900F85B15 /* CRUD.app */ = {isa = PBXFileReference; explicitFileType = wrapper.application; includeInIndex = 0; path = CRUD.app; sourceTree = BUILT_PRODUCTS_DIR; };
		C916264021E323D900F85B15 /* AppDelegate.swift */ = {isa = PBXFileReference; lastKnownFileType = sourcecode.swift; path = AppDelegate.swift; sourceTree = "<group>"; };
		C916264521E323D900F85B15 /* Base */ = {isa = PBXFileReference; lastKnownFileType = file.storyboard; name = Base; path = Base.lproj/Main.storyboard; sourceTree = "<group>"; };
		C916264721E323DA00F85B15 /* Assets.xcassets */ = {isa = PBXFileReference; lastKnownFileType = folder.assetcatalog; path = Assets.xcassets; sourceTree = "<group>"; };
		C916264A21E323DA00F85B15 /* Base */ = {isa = PBXFileReference; lastKnownFileType = file.storyboard; name = Base; path = Base.lproj/LaunchScreen.storyboard; sourceTree = "<group>"; };
		C916264C21E323DA00F85B15 /* Info.plist */ = {isa = PBXFileReference; lastKnownFileType = text.plist.xml; path = Info.plist; sourceTree = "<group>"; };
		C954C83E21E8587E0040724A /* EditViewController.swift */ = {isa = PBXFileReference; lastKnownFileType = sourcecode.swift; path = EditViewController.swift; sourceTree = "<group>"; };
		C974A77121E5C0BE00CC2549 /* LoginViewController.swift */ = {isa = PBXFileReference; lastKnownFileType = sourcecode.swift; path = LoginViewController.swift; sourceTree = "<group>"; };
		C9764CDE21ED82CD004D1B34 /* PhotoLibraryManager.swift */ = {isa = PBXFileReference; lastKnownFileType = sourcecode.swift; path = PhotoLibraryManager.swift; sourceTree = "<group>"; };
		C9764CE821EDBDAF004D1B34 /* Kingfisher.framework */ = {isa = PBXFileReference; lastKnownFileType = wrapper.framework; name = Kingfisher.framework; path = Carthage/Build/iOS/Kingfisher.framework; sourceTree = "<group>"; };
		C9A0A62E21E5E97E00B4C694 /* SignupViewController.swift */ = {isa = PBXFileReference; lastKnownFileType = sourcecode.swift; path = SignupViewController.swift; sourceTree = "<group>"; };
		C9C1BC4C21EED56A00188310 /* EditSetTabViewController.swift */ = {isa = PBXFileReference; lastKnownFileType = sourcecode.swift; path = EditSetTabViewController.swift; sourceTree = "<group>"; };
		C9DA6D5A21F02F78006BCDE3 /* R.generated.swift */ = {isa = PBXFileReference; fileEncoding = 4; lastKnownFileType = sourcecode.swift; path = R.generated.swift; sourceTree = SOURCE_ROOT; };
		C9E8DD1821F1624B0041966A /* ProtocolExtension.swift */ = {isa = PBXFileReference; lastKnownFileType = sourcecode.swift; path = ProtocolExtension.swift; sourceTree = "<group>"; };
		C9F4ECBA21F037EF00A37467 /* Setting.strings */ = {isa = PBXFileReference; lastKnownFileType = text.plist.strings; path = Setting.strings; sourceTree = "<group>"; };
		C9F4ECBC21F0638100A37467 /* NumberManager.swift */ = {isa = PBXFileReference; lastKnownFileType = sourcecode.swift; path = NumberManager.swift; sourceTree = "<group>"; };
		F1ABCBD788C46B6D806C9393 /* Pods-CRUD.release.xcconfig */ = {isa = PBXFileReference; includeInIndex = 1; lastKnownFileType = text.xcconfig; name = "Pods-CRUD.release.xcconfig"; path = "Pods/Target Support Files/Pods-CRUD/Pods-CRUD.release.xcconfig"; sourceTree = "<group>"; };
		F8D96BAFB77FF34C18D2395A /* Pods_CRUD.framework */ = {isa = PBXFileReference; explicitFileType = wrapper.framework; includeInIndex = 0; path = Pods_CRUD.framework; sourceTree = BUILT_PRODUCTS_DIR; };
/* End PBXFileReference section */

/* Begin PBXFrameworksBuildPhase section */
		C916263A21E323D900F85B15 /* Frameworks */ = {
			isa = PBXFrameworksBuildPhase;
			buildActionMask = 2147483647;
			files = (
				C9764CE921EDBDAF004D1B34 /* Kingfisher.framework in Frameworks */,
				A0B6C3844B633ED441FC8950 /* Pods_CRUD.framework in Frameworks */,
			);
			runOnlyForDeploymentPostprocessing = 0;
		};
/* End PBXFrameworksBuildPhase section */

/* Begin PBXGroup section */
		5A63C0D88195CCCC7E70C965 /* Frameworks */ = {
			isa = PBXGroup;
			children = (
				C9764CE821EDBDAF004D1B34 /* Kingfisher.framework */,
				F8D96BAFB77FF34C18D2395A /* Pods_CRUD.framework */,
			);
			name = Frameworks;
			sourceTree = "<group>";
		};
		C916263421E323D900F85B15 = {
			isa = PBXGroup;
			children = (
				C916263F21E323D900F85B15 /* CRUD */,
				C916263E21E323D900F85B15 /* Products */,
				E82AC2E782597CDA39D43CEC /* Pods */,
				5A63C0D88195CCCC7E70C965 /* Frameworks */,
			);
			sourceTree = "<group>";
		};
		C916263E21E323D900F85B15 /* Products */ = {
			isa = PBXGroup;
			children = (
				C916263D21E323D900F85B15 /* CRUD.app */,
			);
			name = Products;
			sourceTree = "<group>";
		};
		C916263F21E323D900F85B15 /* CRUD */ = {
			isa = PBXGroup;
			children = (
				C916264421E323D900F85B15 /* Main.storyboard */,
				C916264721E323DA00F85B15 /* Assets.xcassets */,
				C916264921E323DA00F85B15 /* LaunchScreen.storyboard */,
				C916264C21E323DA00F85B15 /* Info.plist */,
				C916264021E323D900F85B15 /* AppDelegate.swift */,
				C9764CDE21ED82CD004D1B34 /* PhotoLibraryManager.swift */,
				C9F4ECBC21F0638100A37467 /* NumberManager.swift */,
				C9E8DD1821F1624B0041966A /* ProtocolExtension.swift */,
				C9DA6D5A21F02F78006BCDE3 /* R.generated.swift */,
				C9F4ECBA21F037EF00A37467 /* Setting.strings */,
				C9A0A63021E5E99B00B4C694 /* ViewController */,
			);
			path = CRUD;
			sourceTree = "<group>";
		};
		C9A0A63021E5E99B00B4C694 /* ViewController */ = {
			isa = PBXGroup;
			children = (
				C974A77121E5C0BE00CC2549 /* LoginViewController.swift */,
				C9A0A62E21E5E97E00B4C694 /* SignupViewController.swift */,
				C905A87D21E6D8DD00BA7723 /* MainTabBarController.swift */,
				C9C1BC4C21EED56A00188310 /* EditSetTabViewController.swift */,
				C905A88121E6DEF700BA7723 /* BookListViewController.swift */,
				C905A88921E71FCA00BA7723 /* BookAddViewController.swift */,
				C954C83E21E8587E0040724A /* EditViewController.swift */,
				C905A88721E708CC00BA7723 /* LogoutViewController.swift */,
				C905A88521E6F04800BA7723 /* BookListCell.swift */,
			);
			path = ViewController;
			sourceTree = "<group>";
		};
		E82AC2E782597CDA39D43CEC /* Pods */ = {
			isa = PBXGroup;
			children = (
				378459A4D66C6ED0600451CC /* Pods-CRUD.debug.xcconfig */,
				F1ABCBD788C46B6D806C9393 /* Pods-CRUD.release.xcconfig */,
			);
			name = Pods;
			sourceTree = "<group>";
		};
/* End PBXGroup section */

/* Begin PBXNativeTarget section */
		C916263C21E323D900F85B15 /* CRUD */ = {
			isa = PBXNativeTarget;
			buildConfigurationList = C916264F21E323DA00F85B15 /* Build configuration list for PBXNativeTarget "CRUD" */;
			buildPhases = (
				C9C1BC5021EF292200188310 /* Rswift */,
				F67EF2BEB6220489318FFBC3 /* [CP] Check Pods Manifest.lock */,
				C916263921E323D900F85B15 /* Sources */,
				C916263A21E323D900F85B15 /* Frameworks */,
				C916263B21E323D900F85B15 /* Resources */,
				C9332C9D21E3583800A49395 /* ShellScript */,
				C9764CEA21EDBDD3004D1B34 /* KingFisher */,
				3F818AE6BFB339A1B594FC00 /* [CP] Embed Pods Frameworks */,
			);
			buildRules = (
			);
			dependencies = (
			);
			name = CRUD;
			productName = CRUD;
			productReference = C916263D21E323D900F85B15 /* CRUD.app */;
			productType = "com.apple.product-type.application";
		};
/* End PBXNativeTarget section */

/* Begin PBXProject section */
		C916263521E323D900F85B15 /* Project object */ = {
			isa = PBXProject;
			attributes = {
				LastSwiftUpdateCheck = 1010;
				LastUpgradeCheck = 1010;
				ORGANIZATIONNAME = Swifter;
				TargetAttributes = {
					C916263C21E323D900F85B15 = {
						CreatedOnToolsVersion = 10.1;
					};
				};
			};
			buildConfigurationList = C916263821E323D900F85B15 /* Build configuration list for PBXProject "CRUD" */;
			compatibilityVersion = "Xcode 9.3";
			developmentRegion = en;
			hasScannedForEncodings = 0;
			knownRegions = (
				en,
				Base,
			);
			mainGroup = C916263421E323D900F85B15;
			productRefGroup = C916263E21E323D900F85B15 /* Products */;
			projectDirPath = "";
			projectRoot = "";
			targets = (
				C916263C21E323D900F85B15 /* CRUD */,
			);
		};
/* End PBXProject section */

/* Begin PBXResourcesBuildPhase section */
		C916263B21E323D900F85B15 /* Resources */ = {
			isa = PBXResourcesBuildPhase;
			buildActionMask = 2147483647;
			files = (
				C916264B21E323DA00F85B15 /* LaunchScreen.storyboard in Resources */,
				C9F4ECBB21F037EF00A37467 /* Setting.strings in Resources */,
				C916264821E323DA00F85B15 /* Assets.xcassets in Resources */,
				C916264621E323D900F85B15 /* Main.storyboard in Resources */,
			);
			runOnlyForDeploymentPostprocessing = 0;
		};
/* End PBXResourcesBuildPhase section */

/* Begin PBXShellScriptBuildPhase section */
		3F818AE6BFB339A1B594FC00 /* [CP] Embed Pods Frameworks */ = {
			isa = PBXShellScriptBuildPhase;
			buildActionMask = 2147483647;
			files = (
			);
			inputFileListPaths = (
			);
			inputPaths = (
				"${SRCROOT}/Pods/Target Support Files/Pods-CRUD/Pods-CRUD-frameworks.sh",
				"${BUILT_PRODUCTS_DIR}/R.swift.Library/Rswift.framework",
			);
			name = "[CP] Embed Pods Frameworks";
			outputFileListPaths = (
			);
			outputPaths = (
				"${TARGET_BUILD_DIR}/${FRAMEWORKS_FOLDER_PATH}/Rswift.framework",
			);
			runOnlyForDeploymentPostprocessing = 0;
			shellPath = /bin/sh;
			shellScript = "\"${SRCROOT}/Pods/Target Support Files/Pods-CRUD/Pods-CRUD-frameworks.sh\"\n";
			showEnvVarsInLog = 0;
		};
		C9332C9D21E3583800A49395 /* ShellScript */ = {
			isa = PBXShellScriptBuildPhase;
			buildActionMask = 2147483647;
			files = (
			);
			inputFileListPaths = (
			);
			inputPaths = (
			);
			outputFileListPaths = (
			);
			outputPaths = (
			);
			runOnlyForDeploymentPostprocessing = 0;
			shellPath = /bin/sh;
			shellScript = "# Type a script or drag a script file from your workspace to insert its path.\nif which swiftlint >/dev/null; then\nswiftlint\nelse\necho \"warning: SwiftLint not installed, download from https://github.com/realm/SwiftLint\"\nfi\n";
		};
		C9764CEA21EDBDD3004D1B34 /* KingFisher */ = {
			isa = PBXShellScriptBuildPhase;
			buildActionMask = 2147483647;
			files = (
			);
			inputFileListPaths = (
			);
			inputPaths = (
				"$(SRCROOT)/Carthage/Build/iOS/Kingfisher.framework",
			);
			name = KingFisher;
			outputFileListPaths = (
			);
			outputPaths = (
				"$(BUILT_PRODUCTS_DIR)/$(FRAMEWORKS_FOLDER_PATH)/Kingfisher.framework",
			);
			runOnlyForDeploymentPostprocessing = 0;
			shellPath = /bin/sh;
			shellScript = "/usr/local/bin/carthage copy-frameworks\n";
		};
		C9C1BC5021EF292200188310 /* Rswift */ = {
			isa = PBXShellScriptBuildPhase;
			buildActionMask = 2147483647;
			files = (
			);
			inputFileListPaths = (
			);
			inputPaths = (
				"$TEMP_DIR/rswift-lastrun",
			);
			name = Rswift;
			outputFileListPaths = (
			);
			outputPaths = (
				$SRCROOT/R.generated.swift,
			);
			runOnlyForDeploymentPostprocessing = 0;
			shellPath = /bin/sh;
			shellScript = "\"$PODS_ROOT/R.swift/rswift\" generate \"$SRCROOT/R.generated.swift\"\n";
		};
		F67EF2BEB6220489318FFBC3 /* [CP] Check Pods Manifest.lock */ = {
			isa = PBXShellScriptBuildPhase;
			buildActionMask = 2147483647;
			files = (
			);
			inputFileListPaths = (
			);
			inputPaths = (
				"${PODS_PODFILE_DIR_PATH}/Podfile.lock",
				"${PODS_ROOT}/Manifest.lock",
			);
			name = "[CP] Check Pods Manifest.lock";
			outputFileListPaths = (
			);
			outputPaths = (
				"$(DERIVED_FILE_DIR)/Pods-CRUD-checkManifestLockResult.txt",
			);
			runOnlyForDeploymentPostprocessing = 0;
			shellPath = /bin/sh;
			shellScript = "diff \"${PODS_PODFILE_DIR_PATH}/Podfile.lock\" \"${PODS_ROOT}/Manifest.lock\" > /dev/null\nif [ $? != 0 ] ; then\n    # print error to STDERR\n    echo \"error: The sandbox is not in sync with the Podfile.lock. Run 'pod install' or update your CocoaPods installation.\" >&2\n    exit 1\nfi\n# This output is used by Xcode 'outputs' to avoid re-running this script phase.\necho \"SUCCESS\" > \"${SCRIPT_OUTPUT_FILE_0}\"\n";
			showEnvVarsInLog = 0;
		};
/* End PBXShellScriptBuildPhase section */

/* Begin PBXSourcesBuildPhase section */
		C916263921E323D900F85B15 /* Sources */ = {
			isa = PBXSourcesBuildPhase;
			buildActionMask = 2147483647;
			files = (
				C954C83F21E8587E0040724A /* EditViewController.swift in Sources */,
				C9DA6D5B21F02F78006BCDE3 /* R.generated.swift in Sources */,
				C9764CDF21ED82CD004D1B34 /* PhotoLibraryManager.swift in Sources */,
				C9A0A62F21E5E97E00B4C694 /* SignupViewController.swift in Sources */,
				C974A77221E5C0BE00CC2549 /* LoginViewController.swift in Sources */,
				C905A87E21E6D8DD00BA7723 /* MainTabBarController.swift in Sources */,
				C9E8DD1921F1624B0041966A /* ProtocolExtension.swift in Sources */,
				C905A88A21E71FCA00BA7723 /* BookAddViewController.swift in Sources */,
				C9C1BC4D21EED56A00188310 /* EditSetTabViewController.swift in Sources */,
				C905A88621E6F04800BA7723 /* BookListCell.swift in Sources */,
				C916264121E323D900F85B15 /* AppDelegate.swift in Sources */,
				C905A88821E708CC00BA7723 /* LogoutViewController.swift in Sources */,
				C9F4ECBD21F0638100A37467 /* NumberManager.swift in Sources */,
				C905A88221E6DEF700BA7723 /* BookListViewController.swift in Sources */,
			);
			runOnlyForDeploymentPostprocessing = 0;
		};
/* End PBXSourcesBuildPhase section */

/* Begin PBXVariantGroup section */
		C916264421E323D900F85B15 /* Main.storyboard */ = {
			isa = PBXVariantGroup;
			children = (
				C916264521E323D900F85B15 /* Base */,
			);
			name = Main.storyboard;
			sourceTree = "<group>";
		};
		C916264921E323DA00F85B15 /* LaunchScreen.storyboard */ = {
			isa = PBXVariantGroup;
			children = (
				C916264A21E323DA00F85B15 /* Base */,
			);
			name = LaunchScreen.storyboard;
			sourceTree = "<group>";
		};
/* End PBXVariantGroup section */

/* Begin XCBuildConfiguration section */
		C916264D21E323DA00F85B15 /* Debug */ = {
			isa = XCBuildConfiguration;
			buildSettings = {
				ALWAYS_SEARCH_USER_PATHS = NO;
				CLANG_ANALYZER_NONNULL = YES;
				CLANG_ANALYZER_NUMBER_OBJECT_CONVERSION = YES_AGGRESSIVE;
				CLANG_CXX_LANGUAGE_STANDARD = "gnu++14";
				CLANG_CXX_LIBRARY = "libc++";
				CLANG_ENABLE_MODULES = YES;
				CLANG_ENABLE_OBJC_ARC = YES;
				CLANG_ENABLE_OBJC_WEAK = YES;
				CLANG_WARN_BLOCK_CAPTURE_AUTORELEASING = YES;
				CLANG_WARN_BOOL_CONVERSION = YES;
				CLANG_WARN_COMMA = YES;
				CLANG_WARN_CONSTANT_CONVERSION = YES;
				CLANG_WARN_DEPRECATED_OBJC_IMPLEMENTATIONS = YES;
				CLANG_WARN_DIRECT_OBJC_ISA_USAGE = YES_ERROR;
				CLANG_WARN_DOCUMENTATION_COMMENTS = YES;
				CLANG_WARN_EMPTY_BODY = YES;
				CLANG_WARN_ENUM_CONVERSION = YES;
				CLANG_WARN_INFINITE_RECURSION = YES;
				CLANG_WARN_INT_CONVERSION = YES;
				CLANG_WARN_NON_LITERAL_NULL_CONVERSION = YES;
				CLANG_WARN_OBJC_IMPLICIT_RETAIN_SELF = YES;
				CLANG_WARN_OBJC_LITERAL_CONVERSION = YES;
				CLANG_WARN_OBJC_ROOT_CLASS = YES_ERROR;
				CLANG_WARN_RANGE_LOOP_ANALYSIS = YES;
				CLANG_WARN_STRICT_PROTOTYPES = YES;
				CLANG_WARN_SUSPICIOUS_MOVE = YES;
				CLANG_WARN_UNGUARDED_AVAILABILITY = YES_AGGRESSIVE;
				CLANG_WARN_UNREACHABLE_CODE = YES;
				CLANG_WARN__DUPLICATE_METHOD_MATCH = YES;
				CODE_SIGN_IDENTITY = "iPhone Developer";
				COPY_PHASE_STRIP = NO;
				DEBUG_INFORMATION_FORMAT = dwarf;
				ENABLE_STRICT_OBJC_MSGSEND = YES;
				ENABLE_TESTABILITY = YES;
				GCC_C_LANGUAGE_STANDARD = gnu11;
				GCC_DYNAMIC_NO_PIC = NO;
				GCC_NO_COMMON_BLOCKS = YES;
				GCC_OPTIMIZATION_LEVEL = 0;
				GCC_PREPROCESSOR_DEFINITIONS = (
					"DEBUG=1",
					"$(inherited)",
				);
				GCC_WARN_64_TO_32_BIT_CONVERSION = YES;
				GCC_WARN_ABOUT_RETURN_TYPE = YES_ERROR;
				GCC_WARN_UNDECLARED_SELECTOR = YES;
				GCC_WARN_UNINITIALIZED_AUTOS = YES_AGGRESSIVE;
				GCC_WARN_UNUSED_FUNCTION = YES;
				GCC_WARN_UNUSED_VARIABLE = YES;
				IPHONEOS_DEPLOYMENT_TARGET = 12.1;
				MTL_ENABLE_DEBUG_INFO = INCLUDE_SOURCE;
				MTL_FAST_MATH = YES;
				ONLY_ACTIVE_ARCH = YES;
				SDKROOT = iphoneos;
				SWIFT_ACTIVE_COMPILATION_CONDITIONS = DEBUG;
				SWIFT_OPTIMIZATION_LEVEL = "-Onone";
			};
			name = Debug;
		};
		C916264E21E323DA00F85B15 /* Release */ = {
			isa = XCBuildConfiguration;
			buildSettings = {
				ALWAYS_SEARCH_USER_PATHS = NO;
				CLANG_ANALYZER_NONNULL = YES;
				CLANG_ANALYZER_NUMBER_OBJECT_CONVERSION = YES_AGGRESSIVE;
				CLANG_CXX_LANGUAGE_STANDARD = "gnu++14";
				CLANG_CXX_LIBRARY = "libc++";
				CLANG_ENABLE_MODULES = YES;
				CLANG_ENABLE_OBJC_ARC = YES;
				CLANG_ENABLE_OBJC_WEAK = YES;
				CLANG_WARN_BLOCK_CAPTURE_AUTORELEASING = YES;
				CLANG_WARN_BOOL_CONVERSION = YES;
				CLANG_WARN_COMMA = YES;
				CLANG_WARN_CONSTANT_CONVERSION = YES;
				CLANG_WARN_DEPRECATED_OBJC_IMPLEMENTATIONS = YES;
				CLANG_WARN_DIRECT_OBJC_ISA_USAGE = YES_ERROR;
				CLANG_WARN_DOCUMENTATION_COMMENTS = YES;
				CLANG_WARN_EMPTY_BODY = YES;
				CLANG_WARN_ENUM_CONVERSION = YES;
				CLANG_WARN_INFINITE_RECURSION = YES;
				CLANG_WARN_INT_CONVERSION = YES;
				CLANG_WARN_NON_LITERAL_NULL_CONVERSION = YES;
				CLANG_WARN_OBJC_IMPLICIT_RETAIN_SELF = YES;
				CLANG_WARN_OBJC_LITERAL_CONVERSION = YES;
				CLANG_WARN_OBJC_ROOT_CLASS = YES_ERROR;
				CLANG_WARN_RANGE_LOOP_ANALYSIS = YES;
				CLANG_WARN_STRICT_PROTOTYPES = YES;
				CLANG_WARN_SUSPICIOUS_MOVE = YES;
				CLANG_WARN_UNGUARDED_AVAILABILITY = YES_AGGRESSIVE;
				CLANG_WARN_UNREACHABLE_CODE = YES;
				CLANG_WARN__DUPLICATE_METHOD_MATCH = YES;
				CODE_SIGN_IDENTITY = "iPhone Developer";
				COPY_PHASE_STRIP = NO;
				DEBUG_INFORMATION_FORMAT = "dwarf-with-dsym";
				ENABLE_NS_ASSERTIONS = NO;
				ENABLE_STRICT_OBJC_MSGSEND = YES;
				GCC_C_LANGUAGE_STANDARD = gnu11;
				GCC_NO_COMMON_BLOCKS = YES;
				GCC_WARN_64_TO_32_BIT_CONVERSION = YES;
				GCC_WARN_ABOUT_RETURN_TYPE = YES_ERROR;
				GCC_WARN_UNDECLARED_SELECTOR = YES;
				GCC_WARN_UNINITIALIZED_AUTOS = YES_AGGRESSIVE;
				GCC_WARN_UNUSED_FUNCTION = YES;
				GCC_WARN_UNUSED_VARIABLE = YES;
				IPHONEOS_DEPLOYMENT_TARGET = 12.1;
				MTL_ENABLE_DEBUG_INFO = NO;
				MTL_FAST_MATH = YES;
				SDKROOT = iphoneos;
				SWIFT_COMPILATION_MODE = wholemodule;
				SWIFT_OPTIMIZATION_LEVEL = "-O";
				VALIDATE_PRODUCT = YES;
			};
			name = Release;
		};
		C916265021E323DA00F85B15 /* Debug */ = {
			isa = XCBuildConfiguration;
			baseConfigurationReference = 378459A4D66C6ED0600451CC /* Pods-CRUD.debug.xcconfig */;
			buildSettings = {
				ASSETCATALOG_COMPILER_APPICON_NAME = AppIcon;
				CODE_SIGN_STYLE = Automatic;
				DEVELOPMENT_TEAM = 9BM69LRYZ5;
				FRAMEWORK_SEARCH_PATHS = (
					"$(inherited)",
					"$(PROJECT_DIR)/Carthage/Build/iOS",
					"$(PROJECT_DIR)/Carthage/Build/Mac",
				);
				INFOPLIST_FILE = CRUD/Info.plist;
				LD_RUNPATH_SEARCH_PATHS = (
					"$(inherited)",
					"@executable_path/Frameworks",
				);
				PRODUCT_BUNDLE_IDENTIFIER = com.gmail.g1221438qz12.CRUD;
				PRODUCT_NAME = "$(TARGET_NAME)";
				SWIFT_VERSION = 4.2;
				TARGETED_DEVICE_FAMILY = "1,2";
			};
			name = Debug;
		};
		C916265121E323DA00F85B15 /* Release */ = {
			isa = XCBuildConfiguration;
			baseConfigurationReference = F1ABCBD788C46B6D806C9393 /* Pods-CRUD.release.xcconfig */;
			buildSettings = {
				ASSETCATALOG_COMPILER_APPICON_NAME = AppIcon;
				CODE_SIGN_STYLE = Automatic;
				DEVELOPMENT_TEAM = 9BM69LRYZ5;
				FRAMEWORK_SEARCH_PATHS = (
					"$(inherited)",
					"$(PROJECT_DIR)/Carthage/Build/iOS",
					"$(PROJECT_DIR)/Carthage/Build/Mac",
				);
				INFOPLIST_FILE = CRUD/Info.plist;
				LD_RUNPATH_SEARCH_PATHS = (
					"$(inherited)",
					"@executable_path/Frameworks",
				);
				PRODUCT_BUNDLE_IDENTIFIER = com.gmail.g1221438qz12.CRUD;
				PRODUCT_NAME = "$(TARGET_NAME)";
				SWIFT_VERSION = 4.2;
				TARGETED_DEVICE_FAMILY = "1,2";
			};
			name = Release;
		};
/* End XCBuildConfiguration section */

/* Begin XCConfigurationList section */
		C916263821E323D900F85B15 /* Build configuration list for PBXProject "CRUD" */ = {
			isa = XCConfigurationList;
			buildConfigurations = (
				C916264D21E323DA00F85B15 /* Debug */,
				C916264E21E323DA00F85B15 /* Release */,
			);
			defaultConfigurationIsVisible = 0;
			defaultConfigurationName = Release;
		};
		C916264F21E323DA00F85B15 /* Build configuration list for PBXNativeTarget "CRUD" */ = {
			isa = XCConfigurationList;
			buildConfigurations = (
				C916265021E323DA00F85B15 /* Debug */,
				C916265121E323DA00F85B15 /* Release */,
			);
			defaultConfigurationIsVisible = 0;
			defaultConfigurationName = Release;
		};
/* End XCConfigurationList section */
	};
	rootObject = C916263521E323D900F85B15 /* Project object */;
}
